
Microsoft Visual Studio Solution File, Format Version 12.00
# Visual Studio 14
VisualStudioVersion = 14.0.25420.1
MinimumVisualStudioVersion = 10.0.40219.1
Project("{2150E333-8FDC-42A3-9474-1A3956D46DE8}") = "src", "src", "{7C8F8E56-C283-494B-A116-AD5C68F268D0}"
EndProject
Project("{2150E333-8FDC-42A3-9474-1A3956D46DE8}") = "Solution Items", "Solution Items", "{7E6B0F3D-42FA-4931-B6D4-C5C2F1E05DF5}"
	ProjectSection(SolutionItems) = preProject
		global.json = global.json
	EndProjectSection
EndProject
Project("{8BB2217D-0F2D-49D1-97BC-3654ED321F3B}") = "CP.Web.UI", "src\CP.Web.UI\CP.Web.UI.xproj", "{61E9411F-5E50-43F1-8073-0FDC048412BD}"
EndProject
Project("{8BB2217D-0F2D-49D1-97BC-3654ED321F3B}") = "CP.Web.REST", "src\CP.Web.REST\CP.Web.REST.xproj", "{E7B25A2E-1372-4F0C-A525-65F03261CFFB}"
EndProject
Project("{8BB2217D-0F2D-49D1-97BC-3654ED321F3B}") = "CP.Backend.Services", "src\CP.Backend.Services\CP.Backend.Services.xproj", "{C5113256-A81C-417B-A2E9-A8E4668C2A85}"
EndProject
Project("{8BB2217D-0F2D-49D1-97BC-3654ED321F3B}") = "CP.Backend.Data", "src\CP.Backend.Data\CP.Backend.Data.xproj", "{466348B2-67EA-471C-AA2F-1CE0338FEF00}"
EndProject
Global
	GlobalSection(SolutionConfigurationPlatforms) = preSolution
		Debug|Any CPU = Debug|Any CPU
		Release|Any CPU = Release|Any CPU
	EndGlobalSection
	GlobalSection(ProjectConfigurationPlatforms) = postSolution
		{61E9411F-5E50-43F1-8073-0FDC048412BD}.Debug|Any CPU.ActiveCfg = Debug|Any CPU
		{61E9411F-5E50-43F1-8073-0FDC048412BD}.Debug|Any CPU.Build.0 = Debug|Any CPU
		{61E9411F-5E50-43F1-8073-0FDC048412BD}.Release|Any CPU.ActiveCfg = Release|Any CPU
		{61E9411F-5E50-43F1-8073-0FDC048412BD}.Release|Any CPU.Build.0 = Release|Any CPU
		{E7B25A2E-1372-4F0C-A525-65F03261CFFB}.Debug|Any CPU.ActiveCfg = Debug|Any CPU
		{E7B25A2E-1372-4F0C-A525-65F03261CFFB}.Debug|Any CPU.Build.0 = Debug|Any CPU
		{E7B25A2E-1372-4F0C-A525-65F03261CFFB}.Release|Any CPU.ActiveCfg = Release|Any CPU
		{E7B25A2E-1372-4F0C-A525-65F03261CFFB}.Release|Any CPU.Build.0 = Release|Any CPU
		{C5113256-A81C-417B-A2E9-A8E4668C2A85}.Debug|Any CPU.ActiveCfg = Debug|Any CPU
		{C5113256-A81C-417B-A2E9-A8E4668C2A85}.Debug|Any CPU.Build.0 = Debug|Any CPU
		{C5113256-A81C-417B-A2E9-A8E4668C2A85}.Release|Any CPU.ActiveCfg = Release|Any CPU
		{C5113256-A81C-417B-A2E9-A8E4668C2A85}.Release|Any CPU.Build.0 = Release|Any CPU
		{466348B2-67EA-471C-AA2F-1CE0338FEF00}.Debug|Any CPU.ActiveCfg = Debug|Any CPU
		{466348B2-67EA-471C-AA2F-1CE0338FEF00}.Debug|Any CPU.Build.0 = Debug|Any CPU
		{466348B2-67EA-471C-AA2F-1CE0338FEF00}.Release|Any CPU.ActiveCfg = Release|Any CPU
		{466348B2-67EA-471C-AA2F-1CE0338FEF00}.Release|Any CPU.Build.0 = Release|Any CPU
	EndGlobalSection
	GlobalSection(SolutionProperties) = preSolution
		HideSolutionNode = FALSE
	EndGlobalSection
	GlobalSection(NestedProjects) = preSolution
		{61E9411F-5E50-43F1-8073-0FDC048412BD} = {7C8F8E56-C283-494B-A116-AD5C68F268D0}
		{E7B25A2E-1372-4F0C-A525-65F03261CFFB} = {7C8F8E56-C283-494B-A116-AD5C68F268D0}
		{C5113256-A81C-417B-A2E9-A8E4668C2A85} = {7C8F8E56-C283-494B-A116-AD5C68F268D0}
		{466348B2-67EA-471C-AA2F-1CE0338FEF00} = {7C8F8E56-C283-494B-A116-AD5C68F268D0}
	EndGlobalSection
EndGlobal
